{
  "name": "wertgarantie-selection-popup",
  "version": "2.0.42",
  "lockfileVersion": 1,
  "requires": true,
  "dependencies": {
    "wertgarantie-common": {
      "version": "1.0.0",
      "resolved": "https://registry.npmjs.org/wertgarantie-common/-/wertgarantie-common-1.0.0.tgz",
      "integrity": "sha512-GWMGGBR4A/pUvq1KdbUx3HxmYfWAE2LoWLyllrhd9Ot/rzhrESUnbg1CF05npLIg0nfyqApTgLCvqvPH5aMb7w=="
    }
  }
}
