{
  "name": "wertgarantie-information-popup",
  "version": "1.0.0",
  "lockfileVersion": 1,
  "requires": true,
  "dependencies": {
    "wertgarantie-common": {
      "version": "1.0.3"
    },
    "wertgarantie-rating": {
      "version": "2.0.11",
      "requires": {
        "wertgarantie-common": "^1.0.3"
      },
      "dependencies": {
        "wertgarantie-common": {
          "version": "1.0.3"
        }
      }
    }
  }
}
