{
  "name": "wertgarantie-list-selection",
  "version": "0.0.0",
  "lockfileVersion": 1,
  "requires": true,
  "dependencies": {
    "wertgarantie-rating": {
      "version": "2.0.8",
      "resolved": "https://registry.npmjs.org/wertgarantie-rating/-/wertgarantie-rating-2.0.8.tgz",
      "integrity": "sha512-vzRRQmNu6FCswgNJI2Ldg+YuLVJ1BvKVGWclh3NC8qxn7QzGhL/fkVyoPO+iYOeM0c4Egc+mnj1vwC2usk0ARg=="
    },
    "wertgarantie-selection-embedded": {
      "version": "0.0.8",
      "resolved": "https://registry.npmjs.org/wertgarantie-selection-embedded/-/wertgarantie-selection-embedded-0.0.8.tgz",
      "integrity": "sha512-i4LpRH8UErSXTULRMFcHOSji9QW0BKHHP29NQDZk0l0pNVzknxb3ne8eOVQ1yl7NrD3TwijZOuVdj/oaiIvk6g==",
      "requires": {
        "wertgarantie-rating": "^2.0.8"
      }
    }
  }
}
