{
  "name": "wertgarantie-information-popup",
  "version": "1.0.1",
  "lockfileVersion": 1,
  "requires": true,
  "dependencies": {
    "wertgarantie-rating": {
      "version": "2.0.11",
      "resolved": "https://registry.npmjs.org/wertgarantie-rating/-/wertgarantie-rating-2.0.11.tgz",
      "integrity": "sha512-kZNcmmdB57kFhvqFFGCW/TySoIv7iMyU7Zol1pIZeLSNxdL1U4dO4SqF0L7gruJ6/8G8kvpuxpBygBNQTz2eaA==",
      "requires": {
        "wertgarantie-common": "^1.0.3"
      },
      "dependencies": {
        "wertgarantie-common": {
          "version": "1.0.3",
          "resolved": "https://registry.npmjs.org/wertgarantie-common/-/wertgarantie-common-1.0.3.tgz",
          "integrity": "sha512-Jd/HLtTCZBqoD5Js0ulPBGAmoDMn/27S0z0LCK90UQCNJC5n7lFL/6U8ODyabDkUtQJpDM9bcebsi+7GiXcalw=="
        }
      }
    }
  }
}
