{
  "name": "wertgarantie-selection-embedded",
  "version": "0.0.18",
  "lockfileVersion": 1,
  "requires": true,
  "dependencies": {
    "wertgarantie-common": {
      "version": "1.0.4",
      "resolved": "https://registry.npmjs.org/wertgarantie-common/-/wertgarantie-common-1.0.4.tgz",
      "integrity": "sha512-CmUhjpwvP60Kcbr7LG78bEKB6WXA2BYpHP62oLq3qHmUZEbi+s29d/a7xlPWH5GzvpmAvv8QEUmiRaeqkgPXBg=="
    },
    "wertgarantie-information-popup": {
      "version": "1.0.2",
      "resolved": "https://registry.npmjs.org/wertgarantie-information-popup/-/wertgarantie-information-popup-1.0.2.tgz",
      "integrity": "sha512-He9ysw2hEypLZRaZ5vYIz8PPP1G8bjs5IA13KBPbvSCu1tW18Cpy+dZQfQGhuB76GsoHeUF1l9hPtFCrfAIiJw==",
      "requires": {
        "wertgarantie-rating": "^2.0.12"
      }
    },
    "wertgarantie-rating": {
      "version": "2.0.12",
      "resolved": "https://registry.npmjs.org/wertgarantie-rating/-/wertgarantie-rating-2.0.12.tgz",
      "integrity": "sha512-41pxdqIQoXhNK4FyJGzQfJ9NXBFnu1kyxd7FsZjhoa0YI9lpuNvLOKS29g+aTx2ZmbnlDV8lPE/x8s9G4u9nEg==",
      "requires": {
        "wertgarantie-common": "^1.0.4"
      }
    }
  }
}
